lockfileVersion: '9.0'

settings:
  autoInstallPeers: true
  excludeLinksFromLockfile: false

importers:

  .:
    dependencies:
      '@notionhq/client':
        specifier: ^5.22.0
        version: 5.22.0
      axi-sdk-js:
        specifier: ^0.1.7
        version: 0.1.7
    devDependencies:
      '@types/node':
        specifier: ^22.10.0
        version: 22.20.0
      typescript:
        specifier: ^5.7.0
        version: 5.9.3

packages:

  '@notionhq/client@5.22.0':
    resolution: {integrity: sha512-lZ3JGBCd6O6MNHWn/58QcUqX1FgmlcODcx/EaUEEpuxLXF5tSi+v29Vzoz8mZ6JgDWDn5pMzzjB69QevYjQQZA==}
    engines: {node: '>=18'}

  '@toon-format/toon@2.3.0':
    resolution: {integrity: sha512-/Ew9etdRQKVMnm9fDaCG0JjyAOK/O7T0M97oum1aW4W+UR8ZhVVPBanIV7oWgHBiGlnVxV9M55PWQCHofDV07w==}

  '@types/node@22.20.0':
    resolution: {integrity: sha512-QWlFW2wf3nTjC13/DqRnBpR4ZO36VJH/JVBkA/vcnmbTBNQIlnObqyqZE1tUR7+Ni23Lda8R1BxMfbXRpCUx5g==}

  axi-sdk-js@0.1.7:
    resolution: {integrity: sha512-kzIeuQHZx3FFpzJknq+sdbi3XBGdyPGMdOHM2Zepa4MF5MpckhPeWPd5x+RX6gBKEWZdaW73YrOPY+HAGyLekw==}
    engines: {node: '>=20'}

  typescript@5.9.3:
    resolution: {integrity: sha512-jl1vZzPDinLr9eUt3J/t7V6FgNEw9QjvBPdysz9KfQDD41fQrC2Y4vKQdiaUpFT4bXlb1RHhLpp8wtm6M5TgSw==}
    engines: {node: '>=14.17'}
    hasBin: true

  undici-types@6.21.0:
    resolution: {integrity: sha512-iwDZqg0QAGrg9Rav5H4n0M64c3mkR59cJ6wQp+7C4nI0gsmExaedaYLNO44eT4AtBBwjbTiGPMlt2Md0T9H9JQ==}

snapshots:

  '@notionhq/client@5.22.0': {}

  '@toon-format/toon@2.3.0': {}

  '@types/node@22.20.0':
    dependencies:
      undici-types: 6.21.0

  axi-sdk-js@0.1.7:
    dependencies:
      '@toon-format/toon': 2.3.0

  typescript@5.9.3: {}

  undici-types@6.21.0: {}
